// !$*UTF8*$!
{
	archiveVersion = 1;
	classes = {
	};
	objectVersion = 50;
	objects = {

/* Begin PBXBuildFile section */
		3E8B7EF4250B5E9100B20722 /* TokenManager.swift in Sources */ = {isa = PBXBuildFile; fileRef = 3E8B7EF3250B5E9000B20722 /* TokenManager.swift */; };
		FA8D33F2250B547C0070DD4A /* AppDelegate.swift in Sources */ = {isa = PBXBuildFile; fileRef = FA8D33F1250B547C0070DD4A /* AppDelegate.swift */; };
		FA8D33F4250B547C0070DD4A /* SceneDelegate.swift in Sources */ = {isa = PBXBuildFile; fileRef = FA8D33F3250B547C0070DD4A /* SceneDelegate.swift */; };
		FA8D33F6250B547C0070DD4A /* ViewController.swift in Sources */ = {isa = PBXBuildFile; fileRef = FA8D33F5250B547C0070DD4A /* ViewController.swift */; };
		FA8D33F9250B547C0070DD4A /* Main.storyboard in Resources */ = {isa = PBXBuildFile; fileRef = FA8D33F7250B547C0070DD4A /* Main.storyboard */; };
		FA8D33FB250B54910070DD4A /* Assets.xcassets in Resources */ = {isa = PBXBuildFile; fileRef = FA8D33FA250B54910070DD4A /* Assets.xcassets */; };
		FA8D33FE250B54910070DD4A /* LaunchScreen.storyboard in Resources */ = {isa = PBXBuildFile; fileRef = FA8D33FC250B54910070DD4A /* LaunchScreen.storyboard */; };
		FA8D3409250B54910070DD4A /* vForumTests.swift in Sources */ = {isa = PBXBuildFile; fileRef = FA8D3408250B54910070DD4A /* vForumTests.swift */; };
		FA8D3414250B54910070DD4A /* vForumUITests.swift in Sources */ = {isa = PBXBuildFile; fileRef = FA8D3413250B54910070DD4A /* vForumUITests.swift */; };
/* End PBXBuildFile section */

/* Begin PBXContainerItemProxy section */
		FA8D3405250B54910070DD4A /* PBXContainerItemProxy */ = {
			isa = PBXContainerItemProxy;
			containerPortal = FA8D33E6250B547C0070DD4A /* Project object */;
			proxyType = 1;
			remoteGlobalIDString = FA8D33ED250B547C0070DD4A;
			remoteInfo = vForum;
		};
		FA8D3410250B54910070DD4A /* PBXContainerItemProxy */ = {
			isa = PBXContainerItemProxy;
			containerPortal = FA8D33E6250B547C0070DD4A /* Project object */;
			proxyType = 1;
			remoteGlobalIDString = FA8D33ED250B547C0070DD4A;
			remoteInfo = vForum;
		};
/* End PBXContainerItemProxy section */

/* Begin PBXFileReference section */
		3E8B7EF3250B5E9000B20722 /* TokenManager.swift */ = {isa = PBXFileReference; lastKnownFileType = sourcecode.swift; path = TokenManager.swift; sourceTree = "<group>"; };
		FA8D33EE250B547C0070DD4A /* vForum.app */ = {isa = PBXFileReference; explicitFileType = wrapper.application; includeInIndex = 0; path = vForum.app; sourceTree = BUILT_PRODUCTS_DIR; };
		FA8D33F1250B547C0070DD4A /* AppDelegate.swift */ = {isa = PBXFileReference; lastKnownFileType = sourcecode.swift; path = AppDelegate.swift; sourceTree = "<group>"; };
		FA8D33F3250B547C0070DD4A /* SceneDelegate.swift */ = {isa = PBXFileReference; lastKnownFileType = sourcecode.swift; path = SceneDelegate.swift; sourceTree = "<group>"; };
		FA8D33F5250B547C0070DD4A /* ViewController.swift */ = {isa = PBXFileReference; lastKnownFileType = sourcecode.swift; path = ViewController.swift; sourceTree = "<group>"; };
		FA8D33F8250B547C0070DD4A /* Base */ = {isa = PBXFileReference; lastKnownFileType = file.storyboard; name = Base; path = Base.lproj/Main.storyboard; sourceTree = "<group>"; };
		FA8D33FA250B54910070DD4A /* Assets.xcassets */ = {isa = PBXFileReference; lastKnownFileType = folder.assetcatalog; path = Assets.xcassets; sourceTree = "<group>"; };
		FA8D33FD250B54910070DD4A /* Base */ = {isa = PBXFileReference; lastKnownFileType = file.storyboard; name = Base; path = Base.lproj/LaunchScreen.storyboard; sourceTree = "<group>"; };
		FA8D33FF250B54910070DD4A /* Info.plist */ = {isa = PBXFileReference; lastKnownFileType = text.plist.xml; path = Info.plist; sourceTree = "<group>"; };
		FA8D3404250B54910070DD4A /* vForumTests.xctest */ = {isa = PBXFileReference; explicitFileType = wrapper.cfbundle; includeInIndex = 0; path = vForumTests.xctest; sourceTree = BUILT_PRODUCTS_DIR; };
		FA8D3408250B54910070DD4A /* vForumTests.swift */ = {isa = PBXFileReference; lastKnownFileType = sourcecode.swift; path = vForumTests.swift; sourceTree = "<group>"; };
		FA8D340A250B54910070DD4A /* Info.plist */ = {isa = PBXFileReference; lastKnownFileType = text.plist.xml; path = Info.plist; sourceTree = "<group>"; };
		FA8D340F250B54910070DD4A /* vForumUITests.xctest */ = {isa = PBXFileReference; explicitFileType = wrapper.cfbundle; includeInIndex = 0; path = vForumUITests.xctest; sourceTree = BUILT_PRODUCTS_DIR; };
		FA8D3413250B54910070DD4A /* vForumUITests.swift */ = {isa = PBXFileReference; lastKnownFileType = sourcecode.swift; path = vForumUITests.swift; sourceTree = "<group>"; };
		FA8D3415250B54910070DD4A /* Info.plist */ = {isa = PBXFileReference; lastKnownFileType = text.plist.xml; path = Info.plist; sourceTree = "<group>"; };
/* End PBXFileReference section */

/* Begin PBXFrameworksBuildPhase section */
		FA8D33EB250B547C0070DD4A /* Frameworks */ = {
			isa = PBXFrameworksBuildPhase;
			buildActionMask = 2147483647;
			files = (
			);
			runOnlyForDeploymentPostprocessing = 0;
		};
		FA8D3401250B54910070DD4A /* Frameworks */ = {
			isa = PBXFrameworksBuildPhase;
			buildActionMask = 2147483647;
			files = (
			);
			runOnlyForDeploymentPostprocessing = 0;
		};
		FA8D340C250B54910070DD4A /* Frameworks */ = {
			isa = PBXFrameworksBuildPhase;
			buildActionMask = 2147483647;
			files = (
			);
			runOnlyForDeploymentPostprocessing = 0;
		};
/* End PBXFrameworksBuildPhase section */

/* Begin PBXGroup section */
		3E777D3C250B586A003F07E9 /* Model */ = {
			isa = PBXGroup;
			children = (
				3E8B7EF2250B5E8200B20722 /* Token */,
			);
			path = Model;
			sourceTree = "<group>";
		};
		3E777D3D250B587B003F07E9 /* View */ = {
			isa = PBXGroup;
			children = (
				FA8D33F7250B547C0070DD4A /* Main.storyboard */,
				FA8D33FC250B54910070DD4A /* LaunchScreen.storyboard */,
			);
			path = View;
			sourceTree = "<group>";
		};
		3E777D3E250B5882003F07E9 /* Controller */ = {
			isa = PBXGroup;
			children = (
				FA8D33F5250B547C0070DD4A /* ViewController.swift */,
			);
			path = Controller;
			sourceTree = "<group>";
		};
		3E777D3F250B5895003F07E9 /* Resources */ = {
			isa = PBXGroup;
			children = (
				FA8D33F1250B547C0070DD4A /* AppDelegate.swift */,
				FA8D33F3250B547C0070DD4A /* SceneDelegate.swift */,
				FA8D33FA250B54910070DD4A /* Assets.xcassets */,
			);
			path = Resources;
			sourceTree = "<group>";
		};
		3E8B7EF2250B5E8200B20722 /* Token */ = {
			isa = PBXGroup;
			children = (
				3E8B7EF3250B5E9000B20722 /* TokenManager.swift */,
			);
			path = Token;
			sourceTree = "<group>";
		};
		FA8D33E5250B547C0070DD4A = {
			isa = PBXGroup;
			children = (
				FA8D33F0250B547C0070DD4A /* vForum */,
				FA8D3407250B54910070DD4A /* vForumTests */,
				FA8D3412250B54910070DD4A /* vForumUITests */,
				FA8D33EF250B547C0070DD4A /* Products */,
			);
			sourceTree = "<group>";
		};
		FA8D33EF250B547C0070DD4A /* Products */ = {
			isa = PBXGroup;
			children = (
				FA8D33EE250B547C0070DD4A /* vForum.app */,
				FA8D3404250B54910070DD4A /* vForumTests.xctest */,
				FA8D340F250B54910070DD4A /* vForumUITests.xctest */,
			);
			name = Products;
			sourceTree = "<group>";
		};
		FA8D33F0250B547C0070DD4A /* vForum */ = {
			isa = PBXGroup;
			children = (
				3E777D3F250B5895003F07E9 /* Resources */,
				3E777D3E250B5882003F07E9 /* Controller */,
				3E777D3D250B587B003F07E9 /* View */,
				3E777D3C250B586A003F07E9 /* Model */,
				FA8D33FF250B54910070DD4A /* Info.plist */,
			);
			path = vForum;
			sourceTree = "<group>";
		};
		FA8D3407250B54910070DD4A /* vForumTests */ = {
			isa = PBXGroup;
			children = (
				FA8D3408250B54910070DD4A /* vForumTests.swift */,
				FA8D340A250B54910070DD4A /* Info.plist */,
			);
			path = vForumTests;
			sourceTree = "<group>";
		};
		FA8D3412250B54910070DD4A /* vForumUITests */ = {
			isa = PBXGroup;
			children = (
				FA8D3413250B54910070DD4A /* vForumUITests.swift */,
				FA8D3415250B54910070DD4A /* Info.plist */,
			);
			path = vForumUITests;
			sourceTree = "<group>";
		};
/* End PBXGroup section */

/* Begin PBXNativeTarget section */
		FA8D33ED250B547C0070DD4A /* vForum */ = {
			isa = PBXNativeTarget;
			buildConfigurationList = FA8D3418250B54910070DD4A /* Build configuration list for PBXNativeTarget "vForum" */;
			buildPhases = (
				FA8D33EA250B547C0070DD4A /* Sources */,
				FA8D33EB250B547C0070DD4A /* Frameworks */,
				FA8D33EC250B547C0070DD4A /* Resources */,
			);
			buildRules = (
			);
			dependencies = (
			);
			name = vForum;
			productName = vForum;
			productReference = FA8D33EE250B547C0070DD4A /* vForum.app */;
			productType = "com.apple.product-type.application";
		};
		FA8D3403250B54910070DD4A /* vForumTests */ = {
			isa = PBXNativeTarget;
			buildConfigurationList = FA8D341B250B54910070DD4A /* Build configuration list for PBXNativeTarget "vForumTests" */;
			buildPhases = (
				FA8D3400250B54910070DD4A /* Sources */,
				FA8D3401250B54910070DD4A /* Frameworks */,
				FA8D3402250B54910070DD4A /* Resources */,
			);
			buildRules = (
			);
			dependencies = (
				FA8D3406250B54910070DD4A /* PBXTargetDependency */,
			);
			name = vForumTests;
			productName = vForumTests;
			productReference = FA8D3404250B54910070DD4A /* vForumTests.xctest */;
			productType = "com.apple.product-type.bundle.unit-test";
		};
		FA8D340E250B54910070DD4A /* vForumUITests */ = {
			isa = PBXNativeTarget;
			buildConfigurationList = FA8D341E250B54910070DD4A /* Build configuration list for PBXNativeTarget "vForumUITests" */;
			buildPhases = (
				FA8D340B250B54910070DD4A /* Sources */,
				FA8D340C250B54910070DD4A /* Frameworks */,
				FA8D340D250B54910070DD4A /* Resources */,
			);
			buildRules = (
			);
			dependencies = (
				FA8D3411250B54910070DD4A /* PBXTargetDependency */,
			);
			name = vForumUITests;
			productName = vForumUITests;
			productReference = FA8D340F250B54910070DD4A /* vForumUITests.xctest */;
			productType = "com.apple.product-type.bundle.ui-testing";
		};
/* End PBXNativeTarget section */

/* Begin PBXProject section */
		FA8D33E6250B547C0070DD4A /* Project object */ = {
			isa = PBXProject;
			attributes = {
				LastSwiftUpdateCheck = 1160;
				LastUpgradeCheck = 1160;
				ORGANIZATIONNAME = trucdongtxtv;
				TargetAttributes = {
					FA8D33ED250B547C0070DD4A = {
						CreatedOnToolsVersion = 11.6;
					};
					FA8D3403250B54910070DD4A = {
						CreatedOnToolsVersion = 11.6;
						TestTargetID = FA8D33ED250B547C0070DD4A;
					};
					FA8D340E250B54910070DD4A = {
						CreatedOnToolsVersion = 11.6;
						TestTargetID = FA8D33ED250B547C0070DD4A;
					};
				};
			};
			buildConfigurationList = FA8D33E9250B547C0070DD4A /* Build configuration list for PBXProject "vForum" */;
			compatibilityVersion = "Xcode 9.3";
			developmentRegion = en;
			hasScannedForEncodings = 0;
			knownRegions = (
				en,
				Base,
			);
			mainGroup = FA8D33E5250B547C0070DD4A;
			productRefGroup = FA8D33EF250B547C0070DD4A /* Products */;
			projectDirPath = "";
			projectRoot = "";
			targets = (
				FA8D33ED250B547C0070DD4A /* vForum */,
				FA8D3403250B54910070DD4A /* vForumTests */,
				FA8D340E250B54910070DD4A /* vForumUITests */,
			);
		};
/* End PBXProject section */

/* Begin PBXResourcesBuildPhase section */
		FA8D33EC250B547C0070DD4A /* Resources */ = {
			isa = PBXResourcesBuildPhase;
			buildActionMask = 2147483647;
			files = (
				FA8D33FE250B54910070DD4A /* LaunchScreen.storyboard in Resources */,
				FA8D33FB250B54910070DD4A /* Assets.xcassets in Resources */,
				FA8D33F9250B547C0070DD4A /* Main.storyboard in Resources */,
			);
			runOnlyForDeploymentPostprocessing = 0;
		};
		FA8D3402250B54910070DD4A /* Resources */ = {
			isa = PBXResourcesBuildPhase;
			buildActionMask = 2147483647;
			files = (
			);
			runOnlyForDeploymentPostprocessing = 0;
		};
		FA8D340D250B54910070DD4A /* Resources */ = {
			isa = PBXResourcesBuildPhase;
			buildActionMask = 2147483647;
			files = (
			);
			runOnlyForDeploymentPostprocessing = 0;
		};
/* End PBXResourcesBuildPhase section */

/* Begin PBXSourcesBuildPhase section */
		FA8D33EA250B547C0070DD4A /* Sources */ = {
			isa = PBXSourcesBuildPhase;
			buildActionMask = 2147483647;
			files = (
				FA8D33F6250B547C0070DD4A /* ViewController.swift in Sources */,
				3E8B7EF4250B5E9100B20722 /* TokenManager.swift in Sources */,
				FA8D33F2250B547C0070DD4A /* AppDelegate.swift in Sources */,
				FA8D33F4250B547C0070DD4A /* SceneDelegate.swift in Sources */,
			);
			runOnlyForDeploymentPostprocessing = 0;
		};
		FA8D3400250B54910070DD4A /* Sources */ = {
			isa = PBXSourcesBuildPhase;
			buildActionMask = 2147483647;
			files = (
				FA8D3409250B54910070DD4A /* vForumTests.swift in Sources */,
			);
			runOnlyForDeploymentPostprocessing = 0;
		};
		FA8D340B250B54910070DD4A /* Sources */ = {
			isa = PBXSourcesBuildPhase;
			buildActionMask = 2147483647;
			files = (
				FA8D3414250B54910070DD4A /* vForumUITests.swift in Sources */,
			);
			runOnlyForDeploymentPostprocessing = 0;
		};
/* End PBXSourcesBuildPhase section */

/* Begin PBXTargetDependency section */
		FA8D3406250B54910070DD4A /* PBXTargetDependency */ = {
			isa = PBXTargetDependency;
			target = FA8D33ED250B547C0070DD4A /* vForum */;
			targetProxy = FA8D3405250B54910070DD4A /* PBXContainerItemProxy */;
		};
		FA8D3411250B54910070DD4A /* PBXTargetDependency */ = {
			isa = PBXTargetDependency;
			target = FA8D33ED250B547C0070DD4A /* vForum */;
			targetProxy = FA8D3410250B54910070DD4A /* PBXContainerItemProxy */;
		};
/* End PBXTargetDependency section */

/* Begin PBXVariantGroup section */
		FA8D33F7250B547C0070DD4A /* Main.storyboard */ = {
			isa = PBXVariantGroup;
			children = (
				FA8D33F8250B547C0070DD4A /* Base */,
			);
			name = Main.storyboard;
			sourceTree = "<group>";
		};
		FA8D33FC250B54910070DD4A /* LaunchScreen.storyboard */ = {
			isa = PBXVariantGroup;
			children = (
				FA8D33FD250B54910070DD4A /* Base */,
			);
			name = LaunchScreen.storyboard;
			sourceTree = "<group>";
		};
/* End PBXVariantGroup section */

/* Begin XCBuildConfiguration section */
		FA8D3416250B54910070DD4A /* Debug */ = {
			isa = XCBuildConfiguration;
			buildSettings = {
				ALWAYS_SEARCH_USER_PATHS = NO;
				CLANG_ANALYZER_NONNULL = YES;
				CLANG_ANALYZER_NUMBER_OBJECT_CONVERSION = YES_AGGRESSIVE;
				CLANG_CXX_LANGUAGE_STANDARD = "gnu++14";
				CLANG_CXX_LIBRARY = "libc++";
				CLANG_ENABLE_MODULES = YES;
				CLANG_ENABLE_OBJC_ARC = YES;
				CLANG_ENABLE_OBJC_WEAK = YES;
				CLANG_WARN_BLOCK_CAPTURE_AUTORELEASING = YES;
				CLANG_WARN_BOOL_CONVERSION = YES;
				CLANG_WARN_COMMA = YES;
				CLANG_WARN_CONSTANT_CONVERSION = YES;
				CLANG_WARN_DEPRECATED_OBJC_IMPLEMENTATIONS = YES;
				CLANG_WARN_DIRECT_OBJC_ISA_USAGE = YES_ERROR;
				CLANG_WARN_DOCUMENTATION_COMMENTS = YES;
				CLANG_WARN_EMPTY_BODY = YES;
				CLANG_WARN_ENUM_CONVERSION = YES;
				CLANG_WARN_INFINITE_RECURSION = YES;
				CLANG_WARN_INT_CONVERSION = YES;
				CLANG_WARN_NON_LITERAL_NULL_CONVERSION = YES;
				CLANG_WARN_OBJC_IMPLICIT_RETAIN_SELF = YES;
				CLANG_WARN_OBJC_LITERAL_CONVERSION = YES;
				CLANG_WARN_OBJC_ROOT_CLASS = YES_ERROR;
				CLANG_WARN_RANGE_LOOP_ANALYSIS = YES;
				CLANG_WARN_STRICT_PROTOTYPES = YES;
				CLANG_WARN_SUSPICIOUS_MOVE = YES;
				CLANG_WARN_UNGUARDED_AVAILABILITY = YES_AGGRESSIVE;
				CLANG_WARN_UNREACHABLE_CODE = YES;
				CLANG_WARN__DUPLICATE_METHOD_MATCH = YES;
				COPY_PHASE_STRIP = NO;
				DEBUG_INFORMATION_FORMAT = dwarf;
				ENABLE_STRICT_OBJC_MSGSEND = YES;
				ENABLE_TESTABILITY = YES;
				GCC_C_LANGUAGE_STANDARD = gnu11;
				GCC_DYNAMIC_NO_PIC = NO;
				GCC_NO_COMMON_BLOCKS = YES;
				GCC_OPTIMIZATION_LEVEL = 0;
				GCC_PREPROCESSOR_DEFINITIONS = (
					"DEBUG=1",
					"$(inherited)",
				);
				GCC_WARN_64_TO_32_BIT_CONVERSION = YES;
				GCC_WARN_ABOUT_RETURN_TYPE = YES_ERROR;
				GCC_WARN_UNDECLARED_SELECTOR = YES;
				GCC_WARN_UNINITIALIZED_AUTOS = YES_AGGRESSIVE;
				GCC_WARN_UNUSED_FUNCTION = YES;
				GCC_WARN_UNUSED_VARIABLE = YES;
				IPHONEOS_DEPLOYMENT_TARGET = 13.6;
				MTL_ENABLE_DEBUG_INFO = INCLUDE_SOURCE;
				MTL_FAST_MATH = YES;
				ONLY_ACTIVE_ARCH = YES;
				SDKROOT = iphoneos;
				SWIFT_ACTIVE_COMPILATION_CONDITIONS = DEBUG;
				SWIFT_OPTIMIZATION_LEVEL = "-Onone";
			};
			name = Debug;
		};
		FA8D3417250B54910070DD4A /* Release */ = {
			isa = XCBuildConfiguration;
			buildSettings = {
				ALWAYS_SEARCH_USER_PATHS = NO;
				CLANG_ANALYZER_NONNULL = YES;
				CLANG_ANALYZER_NUMBER_OBJECT_CONVERSION = YES_AGGRESSIVE;
				CLANG_CXX_LANGUAGE_STANDARD = "gnu++14";
				CLANG_CXX_LIBRARY = "libc++";
				CLANG_ENABLE_MODULES = YES;
				CLANG_ENABLE_OBJC_ARC = YES;
				CLANG_ENABLE_OBJC_WEAK = YES;
				CLANG_WARN_BLOCK_CAPTURE_AUTORELEASING = YES;
				CLANG_WARN_BOOL_CONVERSION = YES;
				CLANG_WARN_COMMA = YES;
				CLANG_WARN_CONSTANT_CONVERSION = YES;
				CLANG_WARN_DEPRECATED_OBJC_IMPLEMENTATIONS = YES;
				CLANG_WARN_DIRECT_OBJC_ISA_USAGE = YES_ERROR;
				CLANG_WARN_DOCUMENTATION_COMMENTS = YES;
				CLANG_WARN_EMPTY_BODY = YES;
				CLANG_WARN_ENUM_CONVERSION = YES;
				CLANG_WARN_INFINITE_RECURSION = YES;
				CLANG_WARN_INT_CONVERSION = YES;
				CLANG_WARN_NON_LITERAL_NULL_CONVERSION = YES;
				CLANG_WARN_OBJC_IMPLICIT_RETAIN_SELF = YES;
				CLANG_WARN_OBJC_LITERAL_CONVERSION = YES;
				CLANG_WARN_OBJC_ROOT_CLASS = YES_ERROR;
				CLANG_WARN_RANGE_LOOP_ANALYSIS = YES;
				CLANG_WARN_STRICT_PROTOTYPES = YES;
				CLANG_WARN_SUSPICIOUS_MOVE = YES;
				CLANG_WARN_UNGUARDED_AVAILABILITY = YES_AGGRESSIVE;
				CLANG_WARN_UNREACHABLE_CODE = YES;
				CLANG_WARN__DUPLICATE_METHOD_MATCH = YES;
				COPY_PHASE_STRIP = NO;
				DEBUG_INFORMATION_FORMAT = "dwarf-with-dsym";
				ENABLE_NS_ASSERTIONS = NO;
				ENABLE_STRICT_OBJC_MSGSEND = YES;
				GCC_C_LANGUAGE_STANDARD = gnu11;
				GCC_NO_COMMON_BLOCKS = YES;
				GCC_WARN_64_TO_32_BIT_CONVERSION = YES;
				GCC_WARN_ABOUT_RETURN_TYPE = YES_ERROR;
				GCC_WARN_UNDECLARED_SELECTOR = YES;
				GCC_WARN_UNINITIALIZED_AUTOS = YES_AGGRESSIVE;
				GCC_WARN_UNUSED_FUNCTION = YES;
				GCC_WARN_UNUSED_VARIABLE = YES;
				IPHONEOS_DEPLOYMENT_TARGET = 13.6;
				MTL_ENABLE_DEBUG_INFO = NO;
				MTL_FAST_MATH = YES;
				SDKROOT = iphoneos;
				SWIFT_COMPILATION_MODE = wholemodule;
				SWIFT_OPTIMIZATION_LEVEL = "-O";
				VALIDATE_PRODUCT = YES;
			};
			name = Release;
		};
		FA8D3419250B54910070DD4A /* Debug */ = {
			isa = XCBuildConfiguration;
			buildSettings = {
				ASSETCATALOG_COMPILER_APPICON_NAME = AppIcon;
				CODE_SIGN_STYLE = Automatic;
				DEVELOPMENT_TEAM = GQFN859H4Q;
				INFOPLIST_FILE = vForum/Info.plist;
				IPHONEOS_DEPLOYMENT_TARGET = 12.0;
				LD_RUNPATH_SEARCH_PATHS = (
					"$(inherited)",
					"@executable_path/Frameworks",
				);
				PRODUCT_BUNDLE_IDENTIFIER = trucdongtxtv.vForum;
				PRODUCT_NAME = "$(TARGET_NAME)";
				SWIFT_VERSION = 5.0;
				TARGETED_DEVICE_FAMILY = "1,2";
			};
			name = Debug;
		};
		FA8D341A250B54910070DD4A /* Release */ = {
			isa = XCBuildConfiguration;
			buildSettings = {
				ASSETCATALOG_COMPILER_APPICON_NAME = AppIcon;
				CODE_SIGN_STYLE = Automatic;
				DEVELOPMENT_TEAM = GQFN859H4Q;
				INFOPLIST_FILE = vForum/Info.plist;
				IPHONEOS_DEPLOYMENT_TARGET = 12.0;
				LD_RUNPATH_SEARCH_PATHS = (
					"$(inherited)",
					"@executable_path/Frameworks",
				);
				PRODUCT_BUNDLE_IDENTIFIER = trucdongtxtv.vForum;
				PRODUCT_NAME = "$(TARGET_NAME)";
				SWIFT_VERSION = 5.0;
				TARGETED_DEVICE_FAMILY = "1,2";
			};
			name = Release;
		};
		FA8D341C250B54910070DD4A /* Debug */ = {
			isa = XCBuildConfiguration;
			buildSettings = {
				ALWAYS_EMBED_SWIFT_STANDARD_LIBRARIES = YES;
				BUNDLE_LOADER = "$(TEST_HOST)";
				CODE_SIGN_STYLE = Automatic;
				DEVELOPMENT_TEAM = GQFN859H4Q;
				INFOPLIST_FILE = vForumTests/Info.plist;
				IPHONEOS_DEPLOYMENT_TARGET = 13.6;
				LD_RUNPATH_SEARCH_PATHS = (
					"$(inherited)",
					"@executable_path/Frameworks",
					"@loader_path/Frameworks",
				);
				PRODUCT_BUNDLE_IDENTIFIER = trucdongtxtv.vForumTests;
				PRODUCT_NAME = "$(TARGET_NAME)";
				SWIFT_VERSION = 5.0;
				TARGETED_DEVICE_FAMILY = "1,2";
				TEST_HOST = "$(BUILT_PRODUCTS_DIR)/vForum.app/vForum";
			};
			name = Debug;
		};
		FA8D341D250B54910070DD4A /* Release */ = {
			isa = XCBuildConfiguration;
			buildSettings = {
				ALWAYS_EMBED_SWIFT_STANDARD_LIBRARIES = YES;
				BUNDLE_LOADER = "$(TEST_HOST)";
				CODE_SIGN_STYLE = Automatic;
				DEVELOPMENT_TEAM = GQFN859H4Q;
				INFOPLIST_FILE = vForumTests/Info.plist;
				IPHONEOS_DEPLOYMENT_TARGET = 13.6;
				LD_RUNPATH_SEARCH_PATHS = (
					"$(inherited)",
					"@executable_path/Frameworks",
					"@loader_path/Frameworks",
				);
				PRODUCT_BUNDLE_IDENTIFIER = trucdongtxtv.vForumTests;
				PRODUCT_NAME = "$(TARGET_NAME)";
				SWIFT_VERSION = 5.0;
				TARGETED_DEVICE_FAMILY = "1,2";
				TEST_HOST = "$(BUILT_PRODUCTS_DIR)/vForum.app/vForum";
			};
			name = Release;
		};
		FA8D341F250B54910070DD4A /* Debug */ = {
			isa = XCBuildConfiguration;
			buildSettings = {
				ALWAYS_EMBED_SWIFT_STANDARD_LIBRARIES = YES;
				CODE_SIGN_STYLE = Automatic;
				DEVELOPMENT_TEAM = GQFN859H4Q;
				INFOPLIST_FILE = vForumUITests/Info.plist;
				LD_RUNPATH_SEARCH_PATHS = (
					"$(inherited)",
					"@executable_path/Frameworks",
					"@loader_path/Frameworks",
				);
				PRODUCT_BUNDLE_IDENTIFIER = trucdongtxtv.vForumUITests;
				PRODUCT_NAME = "$(TARGET_NAME)";
				SWIFT_VERSION = 5.0;
				TARGETED_DEVICE_FAMILY = "1,2";
				TEST_TARGET_NAME = vForum;
			};
			name = Debug;
		};
		FA8D3420250B54910070DD4A /* Release */ = {
			isa = XCBuildConfiguration;
			buildSettings = {
				ALWAYS_EMBED_SWIFT_STANDARD_LIBRARIES = YES;
				CODE_SIGN_STYLE = Automatic;
				DEVELOPMENT_TEAM = GQFN859H4Q;
				INFOPLIST_FILE = vForumUITests/Info.plist;
				LD_RUNPATH_SEARCH_PATHS = (
					"$(inherited)",
					"@executable_path/Frameworks",
					"@loader_path/Frameworks",
				);
				PRODUCT_BUNDLE_IDENTIFIER = trucdongtxtv.vForumUITests;
				PRODUCT_NAME = "$(TARGET_NAME)";
				SWIFT_VERSION = 5.0;
				TARGETED_DEVICE_FAMILY = "1,2";
				TEST_TARGET_NAME = vForum;
			};
			name = Release;
		};
/* End XCBuildConfiguration section */

/* Begin XCConfigurationList section */
		FA8D33E9250B547C0070DD4A /* Build configuration list for PBXProject "vForum" */ = {
			isa = XCConfigurationList;
			buildConfigurations = (
				FA8D3416250B54910070DD4A /* Debug */,
				FA8D3417250B54910070DD4A /* Release */,
			);
			defaultConfigurationIsVisible = 0;
			defaultConfigurationName = Release;
		};
		FA8D3418250B54910070DD4A /* Build configuration list for PBXNativeTarget "vForum" */ = {
			isa = XCConfigurationList;
			buildConfigurations = (
				FA8D3419250B54910070DD4A /* Debug */,
				FA8D341A250B54910070DD4A /* Release */,
			);
			defaultConfigurationIsVisible = 0;
			defaultConfigurationName = Release;
		};
		FA8D341B250B54910070DD4A /* Build configuration list for PBXNativeTarget "vForumTests" */ = {
			isa = XCConfigurationList;
			buildConfigurations = (
				FA8D341C250B54910070DD4A /* Debug */,
				FA8D341D250B54910070DD4A /* Release */,
			);
			defaultConfigurationIsVisible = 0;
			defaultConfigurationName = Release;
		};
		FA8D341E250B54910070DD4A /* Build configuration list for PBXNativeTarget "vForumUITests" */ = {
			isa = XCConfigurationList;
			buildConfigurations = (
				FA8D341F250B54910070DD4A /* Debug */,
				FA8D3420250B54910070DD4A /* Release */,
			);
			defaultConfigurationIsVisible = 0;
			defaultConfigurationName = Release;
		};
/* End XCConfigurationList section */
	};
	rootObject = FA8D33E6250B547C0070DD4A /* Project object */;
}
