// !$*UTF8*$!
{
	archiveVersion = 1;
	classes = {
	};
	objectVersion = 51;
	objects = {

/* Begin PBXBuildFile section */
		2CD87803D65A6D403F19CCEA /* Pods_vForumTests.framework in Frameworks */ = {isa = PBXBuildFile; fileRef = 1B52730352233632F6981E74 /* Pods_vForumTests.framework */; };
		4F8D28662B34615817DB8098 /* Pods_vForum.framework in Frameworks */ = {isa = PBXBuildFile; fileRef = B8991A6ABA10F3FB245D45E2 /* Pods_vForum.framework */; };
		8B9383A0B1EB3F4E03939A8D /* Pods_vForum_vForumUITests.framework in Frameworks */ = {isa = PBXBuildFile; fileRef = 5268B64A82D9D6D3982A5A87 /* Pods_vForum_vForumUITests.framework */; };
		FA85A6AB250B76E50029A47A /* Pods_vForum.framework in Frameworks */ = {isa = PBXBuildFile; fileRef = FA85A69D250B76560029A47A /* Pods_vForum.framework */; };
		FA85A6AC250B76E50029A47A /* Pods_vForum.framework in Embed Frameworks */ = {isa = PBXBuildFile; fileRef = FA85A69D250B76560029A47A /* Pods_vForum.framework */; settings = {ATTRIBUTES = (CodeSignOnCopy, RemoveHeadersOnCopy, ); }; };
		FA85A6B1250BD03D0029A47A /* SignUpController.swift in Sources */ = {isa = PBXBuildFile; fileRef = FA85A6B0250BD03D0029A47A /* SignUpController.swift */; };
		FA8D33F2250B547C0070DD4A /* AppDelegate.swift in Sources */ = {isa = PBXBuildFile; fileRef = FA8D33F1250B547C0070DD4A /* AppDelegate.swift */; };
		FA8D33F4250B547C0070DD4A /* SceneDelegate.swift in Sources */ = {isa = PBXBuildFile; fileRef = FA8D33F3250B547C0070DD4A /* SceneDelegate.swift */; };
		FA8D33F6250B547C0070DD4A /* LoginController.swift in Sources */ = {isa = PBXBuildFile; fileRef = FA8D33F5250B547C0070DD4A /* LoginController.swift */; };
		FA8D33F9250B547C0070DD4A /* Main.storyboard in Resources */ = {isa = PBXBuildFile; fileRef = FA8D33F7250B547C0070DD4A /* Main.storyboard */; };
		FA8D33FB250B54910070DD4A /* Assets.xcassets in Resources */ = {isa = PBXBuildFile; fileRef = FA8D33FA250B54910070DD4A /* Assets.xcassets */; };
		FA8D33FE250B54910070DD4A /* LaunchScreen.storyboard in Resources */ = {isa = PBXBuildFile; fileRef = FA8D33FC250B54910070DD4A /* LaunchScreen.storyboard */; };
		FA8D3409250B54910070DD4A /* vForumTests.swift in Sources */ = {isa = PBXBuildFile; fileRef = FA8D3408250B54910070DD4A /* vForumTests.swift */; };
		FA8D3414250B54910070DD4A /* vForumUITests.swift in Sources */ = {isa = PBXBuildFile; fileRef = FA8D3413250B54910070DD4A /* vForumUITests.swift */; };
/* End PBXBuildFile section */

/* Begin PBXContainerItemProxy section */
		FA85A698250B76560029A47A /* PBXContainerItemProxy */ = {
			isa = PBXContainerItemProxy;
			containerPortal = FA85A68F250B76560029A47A /* Pods.xcodeproj */;
			proxyType = 2;
			remoteGlobalIDString = 5D797E9A5C5782CE845840781FA1CC81;
			remoteInfo = Alamofire;
		};
		FA85A69A250B76560029A47A /* PBXContainerItemProxy */ = {
			isa = PBXContainerItemProxy;
			containerPortal = FA85A68F250B76560029A47A /* Pods.xcodeproj */;
			proxyType = 2;
			remoteGlobalIDString = A8E950A16D00F649C54FFB30F81D7842;
			remoteInfo = IQKeyboardManagerSwift;
		};
		FA85A69C250B76560029A47A /* PBXContainerItemProxy */ = {
			isa = PBXContainerItemProxy;
			containerPortal = FA85A68F250B76560029A47A /* Pods.xcodeproj */;
			proxyType = 2;
			remoteGlobalIDString = FDAAFDAFBB7EBD73A3447BC86F0E78D3;
			remoteInfo = "Pods-vForum";
		};
		FA85A69E250B76560029A47A /* PBXContainerItemProxy */ = {
			isa = PBXContainerItemProxy;
			containerPortal = FA85A68F250B76560029A47A /* Pods.xcodeproj */;
			proxyType = 2;
			remoteGlobalIDString = A8A986B738D44B93B46B94B00F4BF91B;
			remoteInfo = "Pods-vForum-vForumUITests";
		};
		FA85A6A0250B76560029A47A /* PBXContainerItemProxy */ = {
			isa = PBXContainerItemProxy;
			containerPortal = FA85A68F250B76560029A47A /* Pods.xcodeproj */;
			proxyType = 2;
			remoteGlobalIDString = 26D41BB0AC93A2C03AA9ABC90DD05355;
			remoteInfo = "Pods-vForumTests";
		};
		FA85A6A2250B76560029A47A /* PBXContainerItemProxy */ = {
			isa = PBXContainerItemProxy;
			containerPortal = FA85A68F250B76560029A47A /* Pods.xcodeproj */;
			proxyType = 2;
			remoteGlobalIDString = 979486118B3E90C08386079D57962701;
			remoteInfo = SnapKit;
		};
		FA8D3405250B54910070DD4A /* PBXContainerItemProxy */ = {
			isa = PBXContainerItemProxy;
			containerPortal = FA8D33E6250B547C0070DD4A /* Project object */;
			proxyType = 1;
			remoteGlobalIDString = FA8D33ED250B547C0070DD4A;
			remoteInfo = vForum;
		};
		FA8D3410250B54910070DD4A /* PBXContainerItemProxy */ = {
			isa = PBXContainerItemProxy;
			containerPortal = FA8D33E6250B547C0070DD4A /* Project object */;
			proxyType = 1;
			remoteGlobalIDString = FA8D33ED250B547C0070DD4A;
			remoteInfo = vForum;
		};
/* End PBXContainerItemProxy section */

/* Begin PBXCopyFilesBuildPhase section */
		FA85A6AD250B76E50029A47A /* Embed Frameworks */ = {
			isa = PBXCopyFilesBuildPhase;
			buildActionMask = 2147483647;
			dstPath = "";
			dstSubfolderSpec = 10;
			files = (
				FA85A6AC250B76E50029A47A /* Pods_vForum.framework in Embed Frameworks */,
			);
			name = "Embed Frameworks";
			runOnlyForDeploymentPostprocessing = 0;
		};
/* End PBXCopyFilesBuildPhase section */

/* Begin PBXFileReference section */
		1B52730352233632F6981E74 /* Pods_vForumTests.framework */ = {isa = PBXFileReference; explicitFileType = wrapper.framework; includeInIndex = 0; path = Pods_vForumTests.framework; sourceTree = BUILT_PRODUCTS_DIR; };
		296FABA32C8AFF516C4F6ECE /* Pods-vForumTests.release.xcconfig */ = {isa = PBXFileReference; includeInIndex = 1; lastKnownFileType = text.xcconfig; name = "Pods-vForumTests.release.xcconfig"; path = "Target Support Files/Pods-vForumTests/Pods-vForumTests.release.xcconfig"; sourceTree = "<group>"; };
		5268B64A82D9D6D3982A5A87 /* Pods_vForum_vForumUITests.framework */ = {isa = PBXFileReference; explicitFileType = wrapper.framework; includeInIndex = 0; path = Pods_vForum_vForumUITests.framework; sourceTree = BUILT_PRODUCTS_DIR; };
		70C5E303BF3D636102AE4981 /* Pods-vForumTests.debug.xcconfig */ = {isa = PBXFileReference; includeInIndex = 1; lastKnownFileType = text.xcconfig; name = "Pods-vForumTests.debug.xcconfig"; path = "Target Support Files/Pods-vForumTests/Pods-vForumTests.debug.xcconfig"; sourceTree = "<group>"; };
		7EFB8B6E3D9E2893A8EA223D /* Pods-vForum.debug.xcconfig */ = {isa = PBXFileReference; includeInIndex = 1; lastKnownFileType = text.xcconfig; name = "Pods-vForum.debug.xcconfig"; path = "Target Support Files/Pods-vForum/Pods-vForum.debug.xcconfig"; sourceTree = "<group>"; };
		8EB369C9CCC03712780D89B2 /* Pods-vForum-vForumUITests.release.xcconfig */ = {isa = PBXFileReference; includeInIndex = 1; lastKnownFileType = text.xcconfig; name = "Pods-vForum-vForumUITests.release.xcconfig"; path = "Target Support Files/Pods-vForum-vForumUITests/Pods-vForum-vForumUITests.release.xcconfig"; sourceTree = "<group>"; };
		A149E7CADE49BDFE86757CD9 /* Pods-vForum-vForumUITests.debug.xcconfig */ = {isa = PBXFileReference; includeInIndex = 1; lastKnownFileType = text.xcconfig; name = "Pods-vForum-vForumUITests.debug.xcconfig"; path = "Target Support Files/Pods-vForum-vForumUITests/Pods-vForum-vForumUITests.debug.xcconfig"; sourceTree = "<group>"; };
		B8991A6ABA10F3FB245D45E2 /* Pods_vForum.framework */ = {isa = PBXFileReference; explicitFileType = wrapper.framework; includeInIndex = 0; path = Pods_vForum.framework; sourceTree = BUILT_PRODUCTS_DIR; };
		E39D8E1484572BF5B5837F04 /* Pods-vForum.release.xcconfig */ = {isa = PBXFileReference; includeInIndex = 1; lastKnownFileType = text.xcconfig; name = "Pods-vForum.release.xcconfig"; path = "Target Support Files/Pods-vForum/Pods-vForum.release.xcconfig"; sourceTree = "<group>"; };
		FA85A68F250B76560029A47A /* Pods.xcodeproj */ = {isa = PBXFileReference; lastKnownFileType = "wrapper.pb-project"; name = Pods.xcodeproj; path = Pods/Pods.xcodeproj; sourceTree = "<group>"; };
		FA85A6B0250BD03D0029A47A /* SignUpController.swift */ = {isa = PBXFileReference; lastKnownFileType = sourcecode.swift; path = SignUpController.swift; sourceTree = "<group>"; };
		FA8D33EE250B547C0070DD4A /* vForum.app */ = {isa = PBXFileReference; explicitFileType = wrapper.application; includeInIndex = 0; path = vForum.app; sourceTree = BUILT_PRODUCTS_DIR; };
		FA8D33F1250B547C0070DD4A /* AppDelegate.swift */ = {isa = PBXFileReference; lastKnownFileType = sourcecode.swift; path = AppDelegate.swift; sourceTree = "<group>"; };
		FA8D33F3250B547C0070DD4A /* SceneDelegate.swift */ = {isa = PBXFileReference; lastKnownFileType = sourcecode.swift; path = SceneDelegate.swift; sourceTree = "<group>"; };
		FA8D33F5250B547C0070DD4A /* LoginController.swift */ = {isa = PBXFileReference; lastKnownFileType = sourcecode.swift; path = LoginController.swift; sourceTree = "<group>"; };
		FA8D33F8250B547C0070DD4A /* Base */ = {isa = PBXFileReference; lastKnownFileType = file.storyboard; name = Base; path = Base.lproj/Main.storyboard; sourceTree = "<group>"; };
		FA8D33FA250B54910070DD4A /* Assets.xcassets */ = {isa = PBXFileReference; lastKnownFileType = folder.assetcatalog; path = Assets.xcassets; sourceTree = "<group>"; };
		FA8D33FD250B54910070DD4A /* Base */ = {isa = PBXFileReference; lastKnownFileType = file.storyboard; name = Base; path = Base.lproj/LaunchScreen.storyboard; sourceTree = "<group>"; };
		FA8D33FF250B54910070DD4A /* Info.plist */ = {isa = PBXFileReference; lastKnownFileType = text.plist.xml; path = Info.plist; sourceTree = "<group>"; };
		FA8D3404250B54910070DD4A /* vForumTests.xctest */ = {isa = PBXFileReference; explicitFileType = wrapper.cfbundle; includeInIndex = 0; path = vForumTests.xctest; sourceTree = BUILT_PRODUCTS_DIR; };
		FA8D3408250B54910070DD4A /* vForumTests.swift */ = {isa = PBXFileReference; lastKnownFileType = sourcecode.swift; path = vForumTests.swift; sourceTree = "<group>"; };
		FA8D340A250B54910070DD4A /* Info.plist */ = {isa = PBXFileReference; lastKnownFileType = text.plist.xml; path = Info.plist; sourceTree = "<group>"; };
		FA8D340F250B54910070DD4A /* vForumUITests.xctest */ = {isa = PBXFileReference; explicitFileType = wrapper.cfbundle; includeInIndex = 0; path = vForumUITests.xctest; sourceTree = BUILT_PRODUCTS_DIR; };
		FA8D3413250B54910070DD4A /* vForumUITests.swift */ = {isa = PBXFileReference; lastKnownFileType = sourcecode.swift; path = vForumUITests.swift; sourceTree = "<group>"; };
		FA8D3415250B54910070DD4A /* Info.plist */ = {isa = PBXFileReference; lastKnownFileType = text.plist.xml; path = Info.plist; sourceTree = "<group>"; };
/* End PBXFileReference section */

/* Begin PBXFrameworksBuildPhase section */
		FA8D33EB250B547C0070DD4A /* Frameworks */ = {
			isa = PBXFrameworksBuildPhase;
			buildActionMask = 2147483647;
			files = (
				FA85A6AB250B76E50029A47A /* Pods_vForum.framework in Frameworks */,
				4F8D28662B34615817DB8098 /* Pods_vForum.framework in Frameworks */,
			);
			runOnlyForDeploymentPostprocessing = 0;
		};
		FA8D3401250B54910070DD4A /* Frameworks */ = {
			isa = PBXFrameworksBuildPhase;
			buildActionMask = 2147483647;
			files = (
				2CD87803D65A6D403F19CCEA /* Pods_vForumTests.framework in Frameworks */,
			);
			runOnlyForDeploymentPostprocessing = 0;
		};
		FA8D340C250B54910070DD4A /* Frameworks */ = {
			isa = PBXFrameworksBuildPhase;
			buildActionMask = 2147483647;
			files = (
				8B9383A0B1EB3F4E03939A8D /* Pods_vForum_vForumUITests.framework in Frameworks */,
			);
			runOnlyForDeploymentPostprocessing = 0;
		};
/* End PBXFrameworksBuildPhase section */

/* Begin PBXGroup section */
		3E777D3C250B586A003F07E9 /* Model */ = {
			isa = PBXGroup;
			children = (
			);
			path = Model;
			sourceTree = "<group>";
		};
		3E777D3D250B587B003F07E9 /* View */ = {
			isa = PBXGroup;
			children = (
				FA8D33F7250B547C0070DD4A /* Main.storyboard */,
				FA8D33FC250B54910070DD4A /* LaunchScreen.storyboard */,
			);
			path = View;
			sourceTree = "<group>";
		};
		3E777D3E250B5882003F07E9 /* Controller */ = {
			isa = PBXGroup;
			children = (
				FA8D33F5250B547C0070DD4A /* LoginController.swift */,
				FA85A6B0250BD03D0029A47A /* SignUpController.swift */,
			);
			path = Controller;
			sourceTree = "<group>";
		};
		3E777D3F250B5895003F07E9 /* Resources */ = {
			isa = PBXGroup;
			children = (
				FA8D33F1250B547C0070DD4A /* AppDelegate.swift */,
				FA8D33F3250B547C0070DD4A /* SceneDelegate.swift */,
				FA8D33FA250B54910070DD4A /* Assets.xcassets */,
			);
			path = Resources;
			sourceTree = "<group>";
		};
		65CB0726D28C86AE768C5998 /* Frameworks */ = {
			isa = PBXGroup;
			children = (
				FA85A68F250B76560029A47A /* Pods.xcodeproj */,
				B8991A6ABA10F3FB245D45E2 /* Pods_vForum.framework */,
				5268B64A82D9D6D3982A5A87 /* Pods_vForum_vForumUITests.framework */,
				1B52730352233632F6981E74 /* Pods_vForumTests.framework */,
			);
			name = Frameworks;
			sourceTree = "<group>";
		};
		858D84D1EA620A14B7B1898F /* Pods */ = {
			isa = PBXGroup;
			children = (
				7EFB8B6E3D9E2893A8EA223D /* Pods-vForum.debug.xcconfig */,
				E39D8E1484572BF5B5837F04 /* Pods-vForum.release.xcconfig */,
				A149E7CADE49BDFE86757CD9 /* Pods-vForum-vForumUITests.debug.xcconfig */,
				8EB369C9CCC03712780D89B2 /* Pods-vForum-vForumUITests.release.xcconfig */,
				70C5E303BF3D636102AE4981 /* Pods-vForumTests.debug.xcconfig */,
				296FABA32C8AFF516C4F6ECE /* Pods-vForumTests.release.xcconfig */,
			);
			path = Pods;
			sourceTree = "<group>";
		};
		FA85A690250B76560029A47A /* Products */ = {
			isa = PBXGroup;
			children = (
				FA85A699250B76560029A47A /* Alamofire.framework */,
				FA85A69B250B76560029A47A /* IQKeyboardManagerSwift.framework */,
				FA85A69D250B76560029A47A /* Pods_vForum.framework */,
				FA85A69F250B76560029A47A /* Pods_vForum_vForumUITests.framework */,
				FA85A6A1250B76560029A47A /* Pods_vForumTests.framework */,
				FA85A6A3250B76560029A47A /* SnapKit.framework */,
			);
			name = Products;
			sourceTree = "<group>";
		};
		FA8D33E5250B547C0070DD4A = {
			isa = PBXGroup;
			children = (
				FA8D33F0250B547C0070DD4A /* vForum */,
				FA8D3407250B54910070DD4A /* vForumTests */,
				FA8D3412250B54910070DD4A /* vForumUITests */,
				FA8D33EF250B547C0070DD4A /* Products */,
				858D84D1EA620A14B7B1898F /* Pods */,
				65CB0726D28C86AE768C5998 /* Frameworks */,
			);
			sourceTree = "<group>";
		};
		FA8D33EF250B547C0070DD4A /* Products */ = {
			isa = PBXGroup;
			children = (
				FA8D33EE250B547C0070DD4A /* vForum.app */,
				FA8D3404250B54910070DD4A /* vForumTests.xctest */,
				FA8D340F250B54910070DD4A /* vForumUITests.xctest */,
			);
			name = Products;
			sourceTree = "<group>";
		};
		FA8D33F0250B547C0070DD4A /* vForum */ = {
			isa = PBXGroup;
			children = (
				3E777D3F250B5895003F07E9 /* Resources */,
				3E777D3E250B5882003F07E9 /* Controller */,
				3E777D3D250B587B003F07E9 /* View */,
				3E777D3C250B586A003F07E9 /* Model */,
				FA8D33FF250B54910070DD4A /* Info.plist */,
			);
			path = vForum;
			sourceTree = "<group>";
		};
		FA8D3407250B54910070DD4A /* vForumTests */ = {
			isa = PBXGroup;
			children = (
				FA8D3408250B54910070DD4A /* vForumTests.swift */,
				FA8D340A250B54910070DD4A /* Info.plist */,
			);
			path = vForumTests;
			sourceTree = "<group>";
		};
		FA8D3412250B54910070DD4A /* vForumUITests */ = {
			isa = PBXGroup;
			children = (
				FA8D3413250B54910070DD4A /* vForumUITests.swift */,
				FA8D3415250B54910070DD4A /* Info.plist */,
			);
			path = vForumUITests;
			sourceTree = "<group>";
		};
/* End PBXGroup section */

/* Begin PBXNativeTarget section */
		FA8D33ED250B547C0070DD4A /* vForum */ = {
			isa = PBXNativeTarget;
			buildConfigurationList = FA8D3418250B54910070DD4A /* Build configuration list for PBXNativeTarget "vForum" */;
			buildPhases = (
				572A1BE2A415737EA059B375 /* [CP] Check Pods Manifest.lock */,
				FA8D33EA250B547C0070DD4A /* Sources */,
				FA8D33EB250B547C0070DD4A /* Frameworks */,
				FA8D33EC250B547C0070DD4A /* Resources */,
				92C26C58184D9BA885A8B4CF /* [CP] Embed Pods Frameworks */,
				FA85A6AD250B76E50029A47A /* Embed Frameworks */,
			);
			buildRules = (
			);
			dependencies = (
			);
			name = vForum;
			productName = vForum;
			productReference = FA8D33EE250B547C0070DD4A /* vForum.app */;
			productType = "com.apple.product-type.application";
		};
		FA8D3403250B54910070DD4A /* vForumTests */ = {
			isa = PBXNativeTarget;
			buildConfigurationList = FA8D341B250B54910070DD4A /* Build configuration list for PBXNativeTarget "vForumTests" */;
			buildPhases = (
				6E54F719ED1E687219D53EE0 /* [CP] Check Pods Manifest.lock */,
				FA8D3400250B54910070DD4A /* Sources */,
				FA8D3401250B54910070DD4A /* Frameworks */,
				FA8D3402250B54910070DD4A /* Resources */,
			);
			buildRules = (
			);
			dependencies = (
				FA8D3406250B54910070DD4A /* PBXTargetDependency */,
			);
			name = vForumTests;
			productName = vForumTests;
			productReference = FA8D3404250B54910070DD4A /* vForumTests.xctest */;
			productType = "com.apple.product-type.bundle.unit-test";
		};
		FA8D340E250B54910070DD4A /* vForumUITests */ = {
			isa = PBXNativeTarget;
			buildConfigurationList = FA8D341E250B54910070DD4A /* Build configuration list for PBXNativeTarget "vForumUITests" */;
			buildPhases = (
				2AC40711E638F13ACFFC2D48 /* [CP] Check Pods Manifest.lock */,
				FA8D340B250B54910070DD4A /* Sources */,
				FA8D340C250B54910070DD4A /* Frameworks */,
				FA8D340D250B54910070DD4A /* Resources */,
				DE54D1DB23033E5C7A6AAE03 /* [CP] Embed Pods Frameworks */,
			);
			buildRules = (
			);
			dependencies = (
				FA8D3411250B54910070DD4A /* PBXTargetDependency */,
			);
			name = vForumUITests;
			productName = vForumUITests;
			productReference = FA8D340F250B54910070DD4A /* vForumUITests.xctest */;
			productType = "com.apple.product-type.bundle.ui-testing";
		};
/* End PBXNativeTarget section */

/* Begin PBXProject section */
		FA8D33E6250B547C0070DD4A /* Project object */ = {
			isa = PBXProject;
			attributes = {
				LastSwiftUpdateCheck = 1160;
				LastUpgradeCheck = 1160;
				ORGANIZATIONNAME = trucdongtxtv;
				TargetAttributes = {
					FA8D33ED250B547C0070DD4A = {
						CreatedOnToolsVersion = 11.6;
					};
					FA8D3403250B54910070DD4A = {
						CreatedOnToolsVersion = 11.6;
						TestTargetID = FA8D33ED250B547C0070DD4A;
					};
					FA8D340E250B54910070DD4A = {
						CreatedOnToolsVersion = 11.6;
						TestTargetID = FA8D33ED250B547C0070DD4A;
					};
				};
			};
			buildConfigurationList = FA8D33E9250B547C0070DD4A /* Build configuration list for PBXProject "vForum" */;
			compatibilityVersion = "Xcode 9.3";
			developmentRegion = en;
			hasScannedForEncodings = 0;
			knownRegions = (
				en,
				Base,
			);
			mainGroup = FA8D33E5250B547C0070DD4A;
			productRefGroup = FA8D33EF250B547C0070DD4A /* Products */;
			projectDirPath = "";
			projectReferences = (
				{
					ProductGroup = FA85A690250B76560029A47A /* Products */;
					ProjectRef = FA85A68F250B76560029A47A /* Pods.xcodeproj */;
				},
			);
			projectRoot = "";
			targets = (
				FA8D33ED250B547C0070DD4A /* vForum */,
				FA8D3403250B54910070DD4A /* vForumTests */,
				FA8D340E250B54910070DD4A /* vForumUITests */,
			);
		};
/* End PBXProject section */

/* Begin PBXReferenceProxy section */
		FA85A699250B76560029A47A /* Alamofire.framework */ = {
			isa = PBXReferenceProxy;
			fileType = wrapper.framework;
			path = Alamofire.framework;
			remoteRef = FA85A698250B76560029A47A /* PBXContainerItemProxy */;
			sourceTree = BUILT_PRODUCTS_DIR;
		};
		FA85A69B250B76560029A47A /* IQKeyboardManagerSwift.framework */ = {
			isa = PBXReferenceProxy;
			fileType = wrapper.framework;
			path = IQKeyboardManagerSwift.framework;
			remoteRef = FA85A69A250B76560029A47A /* PBXContainerItemProxy */;
			sourceTree = BUILT_PRODUCTS_DIR;
		};
		FA85A69D250B76560029A47A /* Pods_vForum.framework */ = {
			isa = PBXReferenceProxy;
			fileType = wrapper.framework;
			path = Pods_vForum.framework;
			remoteRef = FA85A69C250B76560029A47A /* PBXContainerItemProxy */;
			sourceTree = BUILT_PRODUCTS_DIR;
		};
		FA85A69F250B76560029A47A /* Pods_vForum_vForumUITests.framework */ = {
			isa = PBXReferenceProxy;
			fileType = wrapper.framework;
			path = Pods_vForum_vForumUITests.framework;
			remoteRef = FA85A69E250B76560029A47A /* PBXContainerItemProxy */;
			sourceTree = BUILT_PRODUCTS_DIR;
		};
		FA85A6A1250B76560029A47A /* Pods_vForumTests.framework */ = {
			isa = PBXReferenceProxy;
			fileType = wrapper.framework;
			path = Pods_vForumTests.framework;
			remoteRef = FA85A6A0250B76560029A47A /* PBXContainerItemProxy */;
			sourceTree = BUILT_PRODUCTS_DIR;
		};
		FA85A6A3250B76560029A47A /* SnapKit.framework */ = {
			isa = PBXReferenceProxy;
			fileType = wrapper.framework;
			path = SnapKit.framework;
			remoteRef = FA85A6A2250B76560029A47A /* PBXContainerItemProxy */;
			sourceTree = BUILT_PRODUCTS_DIR;
		};
/* End PBXReferenceProxy section */

/* Begin PBXResourcesBuildPhase section */
		FA8D33EC250B547C0070DD4A /* Resources */ = {
			isa = PBXResourcesBuildPhase;
			buildActionMask = 2147483647;
			files = (
				FA8D33FE250B54910070DD4A /* LaunchScreen.storyboard in Resources */,
				FA8D33FB250B54910070DD4A /* Assets.xcassets in Resources */,
				FA8D33F9250B547C0070DD4A /* Main.storyboard in Resources */,
			);
			runOnlyForDeploymentPostprocessing = 0;
		};
		FA8D3402250B54910070DD4A /* Resources */ = {
			isa = PBXResourcesBuildPhase;
			buildActionMask = 2147483647;
			files = (
			);
			runOnlyForDeploymentPostprocessing = 0;
		};
		FA8D340D250B54910070DD4A /* Resources */ = {
			isa = PBXResourcesBuildPhase;
			buildActionMask = 2147483647;
			files = (
			);
			runOnlyForDeploymentPostprocessing = 0;
		};
/* End PBXResourcesBuildPhase section */

/* Begin PBXShellScriptBuildPhase section */
		2AC40711E638F13ACFFC2D48 /* [CP] Check Pods Manifest.lock */ = {
			isa = PBXShellScriptBuildPhase;
			buildActionMask = 2147483647;
			files = (
			);
			inputFileListPaths = (
			);
			inputPaths = (
				"${PODS_PODFILE_DIR_PATH}/Podfile.lock",
				"${PODS_ROOT}/Manifest.lock",
			);
			name = "[CP] Check Pods Manifest.lock";
			outputFileListPaths = (
			);
			outputPaths = (
				"$(DERIVED_FILE_DIR)/Pods-vForum-vForumUITests-checkManifestLockResult.txt",
			);
			runOnlyForDeploymentPostprocessing = 0;
			shellPath = /bin/sh;
			shellScript = "diff \"${PODS_PODFILE_DIR_PATH}/Podfile.lock\" \"${PODS_ROOT}/Manifest.lock\" > /dev/null\nif [ $? != 0 ] ; then\n    # print error to STDERR\n    echo \"error: The sandbox is not in sync with the Podfile.lock. Run 'pod install' or update your CocoaPods installation.\" >&2\n    exit 1\nfi\n# This output is used by Xcode 'outputs' to avoid re-running this script phase.\necho \"SUCCESS\" > \"${SCRIPT_OUTPUT_FILE_0}\"\n";
			showEnvVarsInLog = 0;
		};
		572A1BE2A415737EA059B375 /* [CP] Check Pods Manifest.lock */ = {
			isa = PBXShellScriptBuildPhase;
			buildActionMask = 2147483647;
			files = (
			);
			inputFileListPaths = (
			);
			inputPaths = (
				"${PODS_PODFILE_DIR_PATH}/Podfile.lock",
				"${PODS_ROOT}/Manifest.lock",
			);
			name = "[CP] Check Pods Manifest.lock";
			outputFileListPaths = (
			);
			outputPaths = (
				"$(DERIVED_FILE_DIR)/Pods-vForum-checkManifestLockResult.txt",
			);
			runOnlyForDeploymentPostprocessing = 0;
			shellPath = /bin/sh;
			shellScript = "diff \"${PODS_PODFILE_DIR_PATH}/Podfile.lock\" \"${PODS_ROOT}/Manifest.lock\" > /dev/null\nif [ $? != 0 ] ; then\n    # print error to STDERR\n    echo \"error: The sandbox is not in sync with the Podfile.lock. Run 'pod install' or update your CocoaPods installation.\" >&2\n    exit 1\nfi\n# This output is used by Xcode 'outputs' to avoid re-running this script phase.\necho \"SUCCESS\" > \"${SCRIPT_OUTPUT_FILE_0}\"\n";
			showEnvVarsInLog = 0;
		};
		6E54F719ED1E687219D53EE0 /* [CP] Check Pods Manifest.lock */ = {
			isa = PBXShellScriptBuildPhase;
			buildActionMask = 2147483647;
			files = (
			);
			inputFileListPaths = (
			);
			inputPaths = (
				"${PODS_PODFILE_DIR_PATH}/Podfile.lock",
				"${PODS_ROOT}/Manifest.lock",
			);
			name = "[CP] Check Pods Manifest.lock";
			outputFileListPaths = (
			);
			outputPaths = (
				"$(DERIVED_FILE_DIR)/Pods-vForumTests-checkManifestLockResult.txt",
			);
			runOnlyForDeploymentPostprocessing = 0;
			shellPath = /bin/sh;
			shellScript = "diff \"${PODS_PODFILE_DIR_PATH}/Podfile.lock\" \"${PODS_ROOT}/Manifest.lock\" > /dev/null\nif [ $? != 0 ] ; then\n    # print error to STDERR\n    echo \"error: The sandbox is not in sync with the Podfile.lock. Run 'pod install' or update your CocoaPods installation.\" >&2\n    exit 1\nfi\n# This output is used by Xcode 'outputs' to avoid re-running this script phase.\necho \"SUCCESS\" > \"${SCRIPT_OUTPUT_FILE_0}\"\n";
			showEnvVarsInLog = 0;
		};
		92C26C58184D9BA885A8B4CF /* [CP] Embed Pods Frameworks */ = {
			isa = PBXShellScriptBuildPhase;
			buildActionMask = 2147483647;
			files = (
			);
			inputFileListPaths = (
				"${PODS_ROOT}/Target Support Files/Pods-vForum/Pods-vForum-frameworks-${CONFIGURATION}-input-files.xcfilelist",
			);
			name = "[CP] Embed Pods Frameworks";
			outputFileListPaths = (
				"${PODS_ROOT}/Target Support Files/Pods-vForum/Pods-vForum-frameworks-${CONFIGURATION}-output-files.xcfilelist",
			);
			runOnlyForDeploymentPostprocessing = 0;
			shellPath = /bin/sh;
			shellScript = "\"${PODS_ROOT}/Target Support Files/Pods-vForum/Pods-vForum-frameworks.sh\"\n";
			showEnvVarsInLog = 0;
		};
		DE54D1DB23033E5C7A6AAE03 /* [CP] Embed Pods Frameworks */ = {
			isa = PBXShellScriptBuildPhase;
			buildActionMask = 2147483647;
			files = (
			);
			inputFileListPaths = (
				"${PODS_ROOT}/Target Support Files/Pods-vForum-vForumUITests/Pods-vForum-vForumUITests-frameworks-${CONFIGURATION}-input-files.xcfilelist",
			);
			name = "[CP] Embed Pods Frameworks";
			outputFileListPaths = (
				"${PODS_ROOT}/Target Support Files/Pods-vForum-vForumUITests/Pods-vForum-vForumUITests-frameworks-${CONFIGURATION}-output-files.xcfilelist",
			);
			runOnlyForDeploymentPostprocessing = 0;
			shellPath = /bin/sh;
			shellScript = "\"${PODS_ROOT}/Target Support Files/Pods-vForum-vForumUITests/Pods-vForum-vForumUITests-frameworks.sh\"\n";
			showEnvVarsInLog = 0;
		};
/* End PBXShellScriptBuildPhase section */

/* Begin PBXSourcesBuildPhase section */
		FA8D33EA250B547C0070DD4A /* Sources */ = {
			isa = PBXSourcesBuildPhase;
			buildActionMask = 2147483647;
			files = (
				FA8D33F6250B547C0070DD4A /* LoginController.swift in Sources */,
				FA8D33F2250B547C0070DD4A /* AppDelegate.swift in Sources */,
				FA8D33F4250B547C0070DD4A /* SceneDelegate.swift in Sources */,
				FA85A6B1250BD03D0029A47A /* SignUpController.swift in Sources */,
			);
			runOnlyForDeploymentPostprocessing = 0;
		};
		FA8D3400250B54910070DD4A /* Sources */ = {
			isa = PBXSourcesBuildPhase;
			buildActionMask = 2147483647;
			files = (
				FA8D3409250B54910070DD4A /* vForumTests.swift in Sources */,
			);
			runOnlyForDeploymentPostprocessing = 0;
		};
		FA8D340B250B54910070DD4A /* Sources */ = {
			isa = PBXSourcesBuildPhase;
			buildActionMask = 2147483647;
			files = (
				FA8D3414250B54910070DD4A /* vForumUITests.swift in Sources */,
			);
			runOnlyForDeploymentPostprocessing = 0;
		};
/* End PBXSourcesBuildPhase section */

/* Begin PBXTargetDependency section */
		FA8D3406250B54910070DD4A /* PBXTargetDependency */ = {
			isa = PBXTargetDependency;
			target = FA8D33ED250B547C0070DD4A /* vForum */;
			targetProxy = FA8D3405250B54910070DD4A /* PBXContainerItemProxy */;
		};
		FA8D3411250B54910070DD4A /* PBXTargetDependency */ = {
			isa = PBXTargetDependency;
			target = FA8D33ED250B547C0070DD4A /* vForum */;
			targetProxy = FA8D3410250B54910070DD4A /* PBXContainerItemProxy */;
		};
/* End PBXTargetDependency section */

/* Begin PBXVariantGroup section */
		FA8D33F7250B547C0070DD4A /* Main.storyboard */ = {
			isa = PBXVariantGroup;
			children = (
				FA8D33F8250B547C0070DD4A /* Base */,
			);
			name = Main.storyboard;
			sourceTree = "<group>";
		};
		FA8D33FC250B54910070DD4A /* LaunchScreen.storyboard */ = {
			isa = PBXVariantGroup;
			children = (
				FA8D33FD250B54910070DD4A /* Base */,
			);
			name = LaunchScreen.storyboard;
			sourceTree = "<group>";
		};
/* End PBXVariantGroup section */

/* Begin XCBuildConfiguration section */
		FA8D3416250B54910070DD4A /* Debug */ = {
			isa = XCBuildConfiguration;
			buildSettings = {
				ALWAYS_SEARCH_USER_PATHS = NO;
				CLANG_ANALYZER_NONNULL = YES;
				CLANG_ANALYZER_NUMBER_OBJECT_CONVERSION = YES_AGGRESSIVE;
				CLANG_CXX_LANGUAGE_STANDARD = "gnu++14";
				CLANG_CXX_LIBRARY = "libc++";
				CLANG_ENABLE_MODULES = YES;
				CLANG_ENABLE_OBJC_ARC = YES;
				CLANG_ENABLE_OBJC_WEAK = YES;
				CLANG_WARN_BLOCK_CAPTURE_AUTORELEASING = YES;
				CLANG_WARN_BOOL_CONVERSION = YES;
				CLANG_WARN_COMMA = YES;
				CLANG_WARN_CONSTANT_CONVERSION = YES;
				CLANG_WARN_DEPRECATED_OBJC_IMPLEMENTATIONS = YES;
				CLANG_WARN_DIRECT_OBJC_ISA_USAGE = YES_ERROR;
				CLANG_WARN_DOCUMENTATION_COMMENTS = YES;
				CLANG_WARN_EMPTY_BODY = YES;
				CLANG_WARN_ENUM_CONVERSION = YES;
				CLANG_WARN_INFINITE_RECURSION = YES;
				CLANG_WARN_INT_CONVERSION = YES;
				CLANG_WARN_NON_LITERAL_NULL_CONVERSION = YES;
				CLANG_WARN_OBJC_IMPLICIT_RETAIN_SELF = YES;
				CLANG_WARN_OBJC_LITERAL_CONVERSION = YES;
				CLANG_WARN_OBJC_ROOT_CLASS = YES_ERROR;
				CLANG_WARN_RANGE_LOOP_ANALYSIS = YES;
				CLANG_WARN_STRICT_PROTOTYPES = YES;
				CLANG_WARN_SUSPICIOUS_MOVE = YES;
				CLANG_WARN_UNGUARDED_AVAILABILITY = YES_AGGRESSIVE;
				CLANG_WARN_UNREACHABLE_CODE = YES;
				CLANG_WARN__DUPLICATE_METHOD_MATCH = YES;
				COPY_PHASE_STRIP = NO;
				DEBUG_INFORMATION_FORMAT = dwarf;
				ENABLE_STRICT_OBJC_MSGSEND = YES;
				ENABLE_TESTABILITY = YES;
				GCC_C_LANGUAGE_STANDARD = gnu11;
				GCC_DYNAMIC_NO_PIC = NO;
				GCC_NO_COMMON_BLOCKS = YES;
				GCC_OPTIMIZATION_LEVEL = 0;
				GCC_PREPROCESSOR_DEFINITIONS = (
					"DEBUG=1",
					"$(inherited)",
				);
				GCC_WARN_64_TO_32_BIT_CONVERSION = YES;
				GCC_WARN_ABOUT_RETURN_TYPE = YES_ERROR;
				GCC_WARN_UNDECLARED_SELECTOR = YES;
				GCC_WARN_UNINITIALIZED_AUTOS = YES_AGGRESSIVE;
				GCC_WARN_UNUSED_FUNCTION = YES;
				GCC_WARN_UNUSED_VARIABLE = YES;
				IPHONEOS_DEPLOYMENT_TARGET = 13.6;
				MTL_ENABLE_DEBUG_INFO = INCLUDE_SOURCE;
				MTL_FAST_MATH = YES;
				ONLY_ACTIVE_ARCH = YES;
				SDKROOT = iphoneos;
				SWIFT_ACTIVE_COMPILATION_CONDITIONS = DEBUG;
				SWIFT_OPTIMIZATION_LEVEL = "-Onone";
			};
			name = Debug;
		};
		FA8D3417250B54910070DD4A /* Release */ = {
			isa = XCBuildConfiguration;
			buildSettings = {
				ALWAYS_SEARCH_USER_PATHS = NO;
				CLANG_ANALYZER_NONNULL = YES;
				CLANG_ANALYZER_NUMBER_OBJECT_CONVERSION = YES_AGGRESSIVE;
				CLANG_CXX_LANGUAGE_STANDARD = "gnu++14";
				CLANG_CXX_LIBRARY = "libc++";
				CLANG_ENABLE_MODULES = YES;
				CLANG_ENABLE_OBJC_ARC = YES;
				CLANG_ENABLE_OBJC_WEAK = YES;
				CLANG_WARN_BLOCK_CAPTURE_AUTORELEASING = YES;
				CLANG_WARN_BOOL_CONVERSION = YES;
				CLANG_WARN_COMMA = YES;
				CLANG_WARN_CONSTANT_CONVERSION = YES;
				CLANG_WARN_DEPRECATED_OBJC_IMPLEMENTATIONS = YES;
				CLANG_WARN_DIRECT_OBJC_ISA_USAGE = YES_ERROR;
				CLANG_WARN_DOCUMENTATION_COMMENTS = YES;
				CLANG_WARN_EMPTY_BODY = YES;
				CLANG_WARN_ENUM_CONVERSION = YES;
				CLANG_WARN_INFINITE_RECURSION = YES;
				CLANG_WARN_INT_CONVERSION = YES;
				CLANG_WARN_NON_LITERAL_NULL_CONVERSION = YES;
				CLANG_WARN_OBJC_IMPLICIT_RETAIN_SELF = YES;
				CLANG_WARN_OBJC_LITERAL_CONVERSION = YES;
				CLANG_WARN_OBJC_ROOT_CLASS = YES_ERROR;
				CLANG_WARN_RANGE_LOOP_ANALYSIS = YES;
				CLANG_WARN_STRICT_PROTOTYPES = YES;
				CLANG_WARN_SUSPICIOUS_MOVE = YES;
				CLANG_WARN_UNGUARDED_AVAILABILITY = YES_AGGRESSIVE;
				CLANG_WARN_UNREACHABLE_CODE = YES;
				CLANG_WARN__DUPLICATE_METHOD_MATCH = YES;
				COPY_PHASE_STRIP = NO;
				DEBUG_INFORMATION_FORMAT = "dwarf-with-dsym";
				ENABLE_NS_ASSERTIONS = NO;
				ENABLE_STRICT_OBJC_MSGSEND = YES;
				GCC_C_LANGUAGE_STANDARD = gnu11;
				GCC_NO_COMMON_BLOCKS = YES;
				GCC_WARN_64_TO_32_BIT_CONVERSION = YES;
				GCC_WARN_ABOUT_RETURN_TYPE = YES_ERROR;
				GCC_WARN_UNDECLARED_SELECTOR = YES;
				GCC_WARN_UNINITIALIZED_AUTOS = YES_AGGRESSIVE;
				GCC_WARN_UNUSED_FUNCTION = YES;
				GCC_WARN_UNUSED_VARIABLE = YES;
				IPHONEOS_DEPLOYMENT_TARGET = 13.6;
				MTL_ENABLE_DEBUG_INFO = NO;
				MTL_FAST_MATH = YES;
				SDKROOT = iphoneos;
				SWIFT_COMPILATION_MODE = wholemodule;
				SWIFT_OPTIMIZATION_LEVEL = "-O";
				VALIDATE_PRODUCT = YES;
			};
			name = Release;
		};
		FA8D3419250B54910070DD4A /* Debug */ = {
			isa = XCBuildConfiguration;
			baseConfigurationReference = 7EFB8B6E3D9E2893A8EA223D /* Pods-vForum.debug.xcconfig */;
			buildSettings = {
				ASSETCATALOG_COMPILER_APPICON_NAME = AppIcon;
				CODE_SIGN_STYLE = Automatic;
				DEVELOPMENT_TEAM = GQFN859H4Q;
				INFOPLIST_FILE = vForum/Info.plist;
				IPHONEOS_DEPLOYMENT_TARGET = 12.0;
				LD_RUNPATH_SEARCH_PATHS = (
					"$(inherited)",
					"@executable_path/Frameworks",
				);
				PRODUCT_BUNDLE_IDENTIFIER = trucdongtxtv.vForum;
				PRODUCT_NAME = "$(TARGET_NAME)";
				SWIFT_VERSION = 5.0;
				TARGETED_DEVICE_FAMILY = "1,2";
			};
			name = Debug;
		};
		FA8D341A250B54910070DD4A /* Release */ = {
			isa = XCBuildConfiguration;
			baseConfigurationReference = E39D8E1484572BF5B5837F04 /* Pods-vForum.release.xcconfig */;
			buildSettings = {
				ASSETCATALOG_COMPILER_APPICON_NAME = AppIcon;
				CODE_SIGN_STYLE = Automatic;
				DEVELOPMENT_TEAM = GQFN859H4Q;
				INFOPLIST_FILE = vForum/Info.plist;
				IPHONEOS_DEPLOYMENT_TARGET = 12.0;
				LD_RUNPATH_SEARCH_PATHS = (
					"$(inherited)",
					"@executable_path/Frameworks",
				);
				PRODUCT_BUNDLE_IDENTIFIER = trucdongtxtv.vForum;
				PRODUCT_NAME = "$(TARGET_NAME)";
				SWIFT_VERSION = 5.0;
				TARGETED_DEVICE_FAMILY = "1,2";
			};
			name = Release;
		};
		FA8D341C250B54910070DD4A /* Debug */ = {
			isa = XCBuildConfiguration;
			baseConfigurationReference = 70C5E303BF3D636102AE4981 /* Pods-vForumTests.debug.xcconfig */;
			buildSettings = {
				ALWAYS_EMBED_SWIFT_STANDARD_LIBRARIES = YES;
				BUNDLE_LOADER = "$(TEST_HOST)";
				CODE_SIGN_STYLE = Automatic;
				DEVELOPMENT_TEAM = GQFN859H4Q;
				INFOPLIST_FILE = vForumTests/Info.plist;
				IPHONEOS_DEPLOYMENT_TARGET = 13.6;
				LD_RUNPATH_SEARCH_PATHS = (
					"$(inherited)",
					"@executable_path/Frameworks",
					"@loader_path/Frameworks",
				);
				PRODUCT_BUNDLE_IDENTIFIER = trucdongtxtv.vForumTests;
				PRODUCT_NAME = "$(TARGET_NAME)";
				SWIFT_VERSION = 5.0;
				TARGETED_DEVICE_FAMILY = "1,2";
				TEST_HOST = "$(BUILT_PRODUCTS_DIR)/vForum.app/vForum";
			};
			name = Debug;
		};
		FA8D341D250B54910070DD4A /* Release */ = {
			isa = XCBuildConfiguration;
			baseConfigurationReference = 296FABA32C8AFF516C4F6ECE /* Pods-vForumTests.release.xcconfig */;
			buildSettings = {
				ALWAYS_EMBED_SWIFT_STANDARD_LIBRARIES = YES;
				BUNDLE_LOADER = "$(TEST_HOST)";
				CODE_SIGN_STYLE = Automatic;
				DEVELOPMENT_TEAM = GQFN859H4Q;
				INFOPLIST_FILE = vForumTests/Info.plist;
				IPHONEOS_DEPLOYMENT_TARGET = 13.6;
				LD_RUNPATH_SEARCH_PATHS = (
					"$(inherited)",
					"@executable_path/Frameworks",
					"@loader_path/Frameworks",
				);
				PRODUCT_BUNDLE_IDENTIFIER = trucdongtxtv.vForumTests;
				PRODUCT_NAME = "$(TARGET_NAME)";
				SWIFT_VERSION = 5.0;
				TARGETED_DEVICE_FAMILY = "1,2";
				TEST_HOST = "$(BUILT_PRODUCTS_DIR)/vForum.app/vForum";
			};
			name = Release;
		};
		FA8D341F250B54910070DD4A /* Debug */ = {
			isa = XCBuildConfiguration;
			baseConfigurationReference = A149E7CADE49BDFE86757CD9 /* Pods-vForum-vForumUITests.debug.xcconfig */;
			buildSettings = {
				ALWAYS_EMBED_SWIFT_STANDARD_LIBRARIES = YES;
				CODE_SIGN_STYLE = Automatic;
				DEVELOPMENT_TEAM = GQFN859H4Q;
				INFOPLIST_FILE = vForumUITests/Info.plist;
				LD_RUNPATH_SEARCH_PATHS = (
					"$(inherited)",
					"@executable_path/Frameworks",
					"@loader_path/Frameworks",
				);
				PRODUCT_BUNDLE_IDENTIFIER = trucdongtxtv.vForumUITests;
				PRODUCT_NAME = "$(TARGET_NAME)";
				SWIFT_VERSION = 5.0;
				TARGETED_DEVICE_FAMILY = "1,2";
				TEST_TARGET_NAME = vForum;
			};
			name = Debug;
		};
		FA8D3420250B54910070DD4A /* Release */ = {
			isa = XCBuildConfiguration;
			baseConfigurationReference = 8EB369C9CCC03712780D89B2 /* Pods-vForum-vForumUITests.release.xcconfig */;
			buildSettings = {
				ALWAYS_EMBED_SWIFT_STANDARD_LIBRARIES = YES;
				CODE_SIGN_STYLE = Automatic;
				DEVELOPMENT_TEAM = GQFN859H4Q;
				INFOPLIST_FILE = vForumUITests/Info.plist;
				LD_RUNPATH_SEARCH_PATHS = (
					"$(inherited)",
					"@executable_path/Frameworks",
					"@loader_path/Frameworks",
				);
				PRODUCT_BUNDLE_IDENTIFIER = trucdongtxtv.vForumUITests;
				PRODUCT_NAME = "$(TARGET_NAME)";
				SWIFT_VERSION = 5.0;
				TARGETED_DEVICE_FAMILY = "1,2";
				TEST_TARGET_NAME = vForum;
			};
			name = Release;
		};
/* End XCBuildConfiguration section */

/* Begin XCConfigurationList section */
		FA8D33E9250B547C0070DD4A /* Build configuration list for PBXProject "vForum" */ = {
			isa = XCConfigurationList;
			buildConfigurations = (
				FA8D3416250B54910070DD4A /* Debug */,
				FA8D3417250B54910070DD4A /* Release */,
			);
			defaultConfigurationIsVisible = 0;
			defaultConfigurationName = Release;
		};
		FA8D3418250B54910070DD4A /* Build configuration list for PBXNativeTarget "vForum" */ = {
			isa = XCConfigurationList;
			buildConfigurations = (
				FA8D3419250B54910070DD4A /* Debug */,
				FA8D341A250B54910070DD4A /* Release */,
			);
			defaultConfigurationIsVisible = 0;
			defaultConfigurationName = Release;
		};
		FA8D341B250B54910070DD4A /* Build configuration list for PBXNativeTarget "vForumTests" */ = {
			isa = XCConfigurationList;
			buildConfigurations = (
				FA8D341C250B54910070DD4A /* Debug */,
				FA8D341D250B54910070DD4A /* Release */,
			);
			defaultConfigurationIsVisible = 0;
			defaultConfigurationName = Release;
		};
		FA8D341E250B54910070DD4A /* Build configuration list for PBXNativeTarget "vForumUITests" */ = {
			isa = XCConfigurationList;
			buildConfigurations = (
				FA8D341F250B54910070DD4A /* Debug */,
				FA8D3420250B54910070DD4A /* Release */,
			);
			defaultConfigurationIsVisible = 0;
			defaultConfigurationName = Release;
		};
/* End XCConfigurationList section */
	};
	rootObject = FA8D33E6250B547C0070DD4A /* Project object */;
}
